
Microsoft Visual Studio Solution File, Format Version 12.00
# Visual Studio Version 17
VisualStudioVersion = 17.11.35222.181
MinimumVisualStudioVersion = 10.0.40219.1
Project("{FAE04EC0-301F-11D3-BF4B-00C04F79EFBC}") = "QuizinAja", "Latihan_Quiz\QuizinAja.csproj", "{B3020D97-CB81-4480-9321-D60316CB1060}"
EndProject
Global
	GlobalSection(SolutionConfigurationPlatforms) = preSolution
		Debug|Any CPU = Debug|Any CPU
		Release|Any CPU = Release|Any CPU
	EndGlobalSection
	GlobalSection(ProjectConfigurationPlatforms) = postSolution
		{B3020D97-CB81-4480-9321-D60316CB1060}.Debug|Any CPU.ActiveCfg = Debug|Any CPU
		{B3020D97-CB81-4480-9321-D60316CB1060}.Debug|Any CPU.Build.0 = Debug|Any CPU
		{B3020D97-CB81-4480-9321-D60316CB1060}.Release|Any CPU.ActiveCfg = Release|Any CPU
		{B3020D97-CB81-4480-9321-D60316CB1060}.Release|Any CPU.Build.0 = Release|Any CPU
	EndGlobalSection
	GlobalSection(SolutionProperties) = preSolution
		HideSolutionNode = FALSE
	EndGlobalSection
	GlobalSection(ExtensibilityGlobals) = postSolution
		SolutionGuid = {EFD51505-570E-4F98-9105-E119DAEF54D0}
	EndGlobalSection
EndGlobal
